{
  "name": "12.1---less-tarefa",
  "version": "1.0.0",
  "lockfileVersion": 3,
  "requires": true,
  "packages": {
    "": {
      "name": "12.1---less-tarefa",
      "version": "1.0.0",
      "license": "ISC",
      "devDependencies": {
        "les": "^1.0.1"
      }
    },
    "node_modules/les": {
      "version": "1.0.1",
      "resolved": "https://registry.npmjs.org/les/-/les-1.0.1.tgz",
      "integrity": "sha512-wcfg3DTtlgxSaNr4d6ynGvasFfe5WQwvM6EGRwEFzD4pTffoBFYu3uIHIvahetZGSusUy8CFPFi2Q6GcqarCuw==",
      "dev": true
    }
  }
}
